
Microsoft Visual Studio Solution File, Format Version 12.00
# Visual Studio Version 17
VisualStudioVersion = 17.1.32414.318
MinimumVisualStudioVersion = 10.0.40219.1
Project("{FAE04EC0-301F-11D3-BF4B-00C04F79EFBC}") = "hangmangame", "hangmangame\hangmangame.csproj", "{FB09B30C-C373-405A-8776-46C190067950}"
EndProject
Global
	GlobalSection(SolutionConfigurationPlatforms) = preSolution
		Debug|Any CPU = Debug|Any CPU
		Release|Any CPU = Release|Any CPU
	EndGlobalSection
	GlobalSection(ProjectConfigurationPlatforms) = postSolution
		{FB09B30C-C373-405A-8776-46C190067950}.Debug|Any CPU.ActiveCfg = Debug|Any CPU
		{FB09B30C-C373-405A-8776-46C190067950}.Debug|Any CPU.Build.0 = Debug|Any CPU
		{FB09B30C-C373-405A-8776-46C190067950}.Release|Any CPU.ActiveCfg = Release|Any CPU
		{FB09B30C-C373-405A-8776-46C190067950}.Release|Any CPU.Build.0 = Release|Any CPU
	EndGlobalSection
	GlobalSection(SolutionProperties) = preSolution
		HideSolutionNode = FALSE
	EndGlobalSection
	GlobalSection(ExtensibilityGlobals) = postSolution
		SolutionGuid = {CE781860-B200-4AA1-990A-979A23D05BB2}
	EndGlobalSection
EndGlobal
